
Microsoft Visual Studio Solution File, Format Version 12.00
# Visual Studio Version 16
VisualStudioVersion = 16.0.31205.134
MinimumVisualStudioVersion = 10.0.40219.1
Project("{2150E333-8FDC-42A3-9474-1A3956D46DE8}") = "Core", "Core", "{5AAE602C-F605-4E0B-BE2C-664710017AA7}"
EndProject
Project("{2150E333-8FDC-42A3-9474-1A3956D46DE8}") = "Infrastructure", "Infrastructure", "{CD128DE7-F267-4774-9424-68B691CCAD0D}"
EndProject
Project("{2150E333-8FDC-42A3-9474-1A3956D46DE8}") = "Presentation", "Presentation", "{B220F3AE-C5E0-4358-9845-4F2E79D68800}"
EndProject
Project("{9A19103F-16F7-4668-BE54-9A1E7A4F7556}") = "Domain", "Domain\Domain.csproj", "{0F3FA778-4AFD-4079-995B-23623F5D14EF}"
EndProject
Project("{9A19103F-16F7-4668-BE54-9A1E7A4F7556}") = "Application", "Application\Application.csproj", "{8CC3CFE0-0C59-493B-A668-36BE4C8C3D5D}"
EndProject
Project("{9A19103F-16F7-4668-BE54-9A1E7A4F7556}") = "Persistence", "Persistence\Persistence.csproj", "{754C6D0A-7F4D-4AB6-977A-9FEB93057DAC}"
EndProject
Project("{9A19103F-16F7-4668-BE54-9A1E7A4F7556}") = "WebAPI", "WebAPI\WebAPI.csproj", "{FC098A86-94E8-4E78-8791-32E40A2927B1}"
EndProject
Project("{2150E333-8FDC-42A3-9474-1A3956D46DE8}") = "Tests", "Tests", "{98A549D6-8FF3-4687-94E0-32F119381623}"
EndProject
Project("{FAE04EC0-301F-11D3-BF4B-00C04F79EFBC}") = "Infrastructure.Tests", "Infrastructure.Tests\Infrastructure.Tests.csproj", "{7E66342F-53A5-47DB-873D-5A8F0991534E}"
EndProject
Project("{FAE04EC0-301F-11D3-BF4B-00C04F79EFBC}") = "Core.Tests", "Core.Tests\Core.Tests.csproj", "{18CAA07A-C1DC-45B0-971F-82E87A28672A}"
EndProject
Project("{FAE04EC0-301F-11D3-BF4B-00C04F79EFBC}") = "Tests.Helpers", "Tests.Helpers\Tests.Helpers.csproj", "{CA13B3C3-8D2C-47B6-9476-69FBB0F0CE1C}"
EndProject
Project("{FAE04EC0-301F-11D3-BF4B-00C04F79EFBC}") = "Presentation.Tests", "Presentation.Tests\Presentation.Tests.csproj", "{F22481F7-D006-453D-A2AD-9016BD10CA4A}"
EndProject
Global
	GlobalSection(SolutionConfigurationPlatforms) = preSolution
		Debug|Any CPU = Debug|Any CPU
		Release|Any CPU = Release|Any CPU
	EndGlobalSection
	GlobalSection(ProjectConfigurationPlatforms) = postSolution
		{0F3FA778-4AFD-4079-995B-23623F5D14EF}.Debug|Any CPU.ActiveCfg = Debug|Any CPU
		{0F3FA778-4AFD-4079-995B-23623F5D14EF}.Debug|Any CPU.Build.0 = Debug|Any CPU
		{0F3FA778-4AFD-4079-995B-23623F5D14EF}.Release|Any CPU.ActiveCfg = Release|Any CPU
		{0F3FA778-4AFD-4079-995B-23623F5D14EF}.Release|Any CPU.Build.0 = Release|Any CPU
		{8CC3CFE0-0C59-493B-A668-36BE4C8C3D5D}.Debug|Any CPU.ActiveCfg = Debug|Any CPU
		{8CC3CFE0-0C59-493B-A668-36BE4C8C3D5D}.Debug|Any CPU.Build.0 = Debug|Any CPU
		{8CC3CFE0-0C59-493B-A668-36BE4C8C3D5D}.Release|Any CPU.ActiveCfg = Release|Any CPU
		{8CC3CFE0-0C59-493B-A668-36BE4C8C3D5D}.Release|Any CPU.Build.0 = Release|Any CPU
		{754C6D0A-7F4D-4AB6-977A-9FEB93057DAC}.Debug|Any CPU.ActiveCfg = Debug|Any CPU
		{754C6D0A-7F4D-4AB6-977A-9FEB93057DAC}.Debug|Any CPU.Build.0 = Debug|Any CPU
		{754C6D0A-7F4D-4AB6-977A-9FEB93057DAC}.Release|Any CPU.ActiveCfg = Release|Any CPU
		{754C6D0A-7F4D-4AB6-977A-9FEB93057DAC}.Release|Any CPU.Build.0 = Release|Any CPU
		{FC098A86-94E8-4E78-8791-32E40A2927B1}.Debug|Any CPU.ActiveCfg = Debug|Any CPU
		{FC098A86-94E8-4E78-8791-32E40A2927B1}.Debug|Any CPU.Build.0 = Debug|Any CPU
		{FC098A86-94E8-4E78-8791-32E40A2927B1}.Release|Any CPU.ActiveCfg = Release|Any CPU
		{FC098A86-94E8-4E78-8791-32E40A2927B1}.Release|Any CPU.Build.0 = Release|Any CPU
		{7E66342F-53A5-47DB-873D-5A8F0991534E}.Debug|Any CPU.ActiveCfg = Debug|Any CPU
		{7E66342F-53A5-47DB-873D-5A8F0991534E}.Debug|Any CPU.Build.0 = Debug|Any CPU
		{7E66342F-53A5-47DB-873D-5A8F0991534E}.Release|Any CPU.ActiveCfg = Release|Any CPU
		{7E66342F-53A5-47DB-873D-5A8F0991534E}.Release|Any CPU.Build.0 = Release|Any CPU
		{18CAA07A-C1DC-45B0-971F-82E87A28672A}.Debug|Any CPU.ActiveCfg = Debug|Any CPU
		{18CAA07A-C1DC-45B0-971F-82E87A28672A}.Debug|Any CPU.Build.0 = Debug|Any CPU
		{18CAA07A-C1DC-45B0-971F-82E87A28672A}.Release|Any CPU.ActiveCfg = Release|Any CPU
		{18CAA07A-C1DC-45B0-971F-82E87A28672A}.Release|Any CPU.Build.0 = Release|Any CPU
		{CA13B3C3-8D2C-47B6-9476-69FBB0F0CE1C}.Debug|Any CPU.ActiveCfg = Debug|Any CPU
		{CA13B3C3-8D2C-47B6-9476-69FBB0F0CE1C}.Debug|Any CPU.Build.0 = Debug|Any CPU
		{CA13B3C3-8D2C-47B6-9476-69FBB0F0CE1C}.Release|Any CPU.ActiveCfg = Release|Any CPU
		{CA13B3C3-8D2C-47B6-9476-69FBB0F0CE1C}.Release|Any CPU.Build.0 = Release|Any CPU
		{F22481F7-D006-453D-A2AD-9016BD10CA4A}.Debug|Any CPU.ActiveCfg = Debug|Any CPU
		{F22481F7-D006-453D-A2AD-9016BD10CA4A}.Debug|Any CPU.Build.0 = Debug|Any CPU
		{F22481F7-D006-453D-A2AD-9016BD10CA4A}.Release|Any CPU.ActiveCfg = Release|Any CPU
		{F22481F7-D006-453D-A2AD-9016BD10CA4A}.Release|Any CPU.Build.0 = Release|Any CPU
	EndGlobalSection
	GlobalSection(SolutionProperties) = preSolution
		HideSolutionNode = FALSE
	EndGlobalSection
	GlobalSection(NestedProjects) = preSolution
		{0F3FA778-4AFD-4079-995B-23623F5D14EF} = {5AAE602C-F605-4E0B-BE2C-664710017AA7}
		{8CC3CFE0-0C59-493B-A668-36BE4C8C3D5D} = {5AAE602C-F605-4E0B-BE2C-664710017AA7}
		{754C6D0A-7F4D-4AB6-977A-9FEB93057DAC} = {CD128DE7-F267-4774-9424-68B691CCAD0D}
		{FC098A86-94E8-4E78-8791-32E40A2927B1} = {B220F3AE-C5E0-4358-9845-4F2E79D68800}
		{7E66342F-53A5-47DB-873D-5A8F0991534E} = {98A549D6-8FF3-4687-94E0-32F119381623}
		{18CAA07A-C1DC-45B0-971F-82E87A28672A} = {98A549D6-8FF3-4687-94E0-32F119381623}
		{CA13B3C3-8D2C-47B6-9476-69FBB0F0CE1C} = {98A549D6-8FF3-4687-94E0-32F119381623}
		{F22481F7-D006-453D-A2AD-9016BD10CA4A} = {98A549D6-8FF3-4687-94E0-32F119381623}
	EndGlobalSection
	GlobalSection(ExtensibilityGlobals) = postSolution
		SolutionGuid = {9CFF3CEE-F950-4102-88C8-7177F84C9218}
	EndGlobalSection
EndGlobal
